// !$*UTF8*$!
{
	archiveVersion = 1;
	classes = {
	};
	objectVersion = 50;
	objects = {

/* Begin PBXBuildFile section */
		904B0E9422F5B45800A3EECC /* AppDelegate.swift in Sources */ = {isa = PBXBuildFile; fileRef = 904B0E9322F5B45800A3EECC /* AppDelegate.swift */; };
		904B0E9622F5B45800A3EECC /* HomeViewController.swift in Sources */ = {isa = PBXBuildFile; fileRef = 904B0E9522F5B45800A3EECC /* HomeViewController.swift */; };
		904B0E9922F5B45800A3EECC /* Main.storyboard in Resources */ = {isa = PBXBuildFile; fileRef = 904B0E9722F5B45800A3EECC /* Main.storyboard */; };
		904B0E9B22F5B45A00A3EECC /* Assets.xcassets in Resources */ = {isa = PBXBuildFile; fileRef = 904B0E9A22F5B45A00A3EECC /* Assets.xcassets */; };
		904B0E9E22F5B45A00A3EECC /* LaunchScreen.storyboard in Resources */ = {isa = PBXBuildFile; fileRef = 904B0E9C22F5B45A00A3EECC /* LaunchScreen.storyboard */; };
		904B0EA622F5B5D900A3EECC /* MessagePost.swift in Sources */ = {isa = PBXBuildFile; fileRef = 904B0EA522F5B5D900A3EECC /* MessagePost.swift */; };
		904B0EA822F5B5E000A3EECC /* Comment.swift in Sources */ = {isa = PBXBuildFile; fileRef = 904B0EA722F5B5E000A3EECC /* Comment.swift */; };
		904B0EAA22F5B60500A3EECC /* PostManager.swift in Sources */ = {isa = PBXBuildFile; fileRef = 904B0EA922F5B60500A3EECC /* PostManager.swift */; };
		904B0EB322F5BFC900A3EECC /* ersatzTests.swift in Sources */ = {isa = PBXBuildFile; fileRef = 904B0EB222F5BFC900A3EECC /* ersatzTests.swift */; };
		904B0EBA22F5C54400A3EECC /* PostManager.swift in Sources */ = {isa = PBXBuildFile; fileRef = 904B0EA922F5B60500A3EECC /* PostManager.swift */; };
		904B0EBB22F5C6AA00A3EECC /* Comment.swift in Sources */ = {isa = PBXBuildFile; fileRef = 904B0EA722F5B5E000A3EECC /* Comment.swift */; };
		904B0EBC22F5C6B200A3EECC /* MessagePost.swift in Sources */ = {isa = PBXBuildFile; fileRef = 904B0EA522F5B5D900A3EECC /* MessagePost.swift */; };
		904B0EBE22F5D36100A3EECC /* ersatzAPITest.swift in Sources */ = {isa = PBXBuildFile; fileRef = 904B0EBD22F5D36100A3EECC /* ersatzAPITest.swift */; };
		904B0EC022F6413900A3EECC /* CommentTableViewController.swift in Sources */ = {isa = PBXBuildFile; fileRef = 904B0EBF22F6413900A3EECC /* CommentTableViewController.swift */; };
		904B0EC522F655E900A3EECC /* CommentManagerEngine.swift in Sources */ = {isa = PBXBuildFile; fileRef = 904B0EC422F655E900A3EECC /* CommentManagerEngine.swift */; };
		904B0EC622F656FA00A3EECC /* CommentManagerEngine.swift in Sources */ = {isa = PBXBuildFile; fileRef = 904B0EC422F655E900A3EECC /* CommentManagerEngine.swift */; };
		904B0ECA22F65DF300A3EECC /* Protocols.swift in Sources */ = {isa = PBXBuildFile; fileRef = 904B0EC922F65DF300A3EECC /* Protocols.swift */; };
		904B0ECB22F65E1900A3EECC /* Protocols.swift in Sources */ = {isa = PBXBuildFile; fileRef = 904B0EC922F65DF300A3EECC /* Protocols.swift */; };
		904B0ECD22F695EC00A3EECC /* TableViewCellClasses.swift in Sources */ = {isa = PBXBuildFile; fileRef = 904B0ECC22F695EC00A3EECC /* TableViewCellClasses.swift */; };
/* End PBXBuildFile section */

/* Begin PBXContainerItemProxy section */
		904B0EB522F5BFC900A3EECC /* PBXContainerItemProxy */ = {
			isa = PBXContainerItemProxy;
			containerPortal = 904B0E8822F5B45800A3EECC /* Project object */;
			proxyType = 1;
			remoteGlobalIDString = 904B0E8F22F5B45800A3EECC;
			remoteInfo = ersatz;
		};
/* End PBXContainerItemProxy section */

/* Begin PBXFileReference section */
		904B0E9022F5B45800A3EECC /* ersatz.app */ = {isa = PBXFileReference; explicitFileType = wrapper.application; includeInIndex = 0; path = ersatz.app; sourceTree = BUILT_PRODUCTS_DIR; };
		904B0E9322F5B45800A3EECC /* AppDelegate.swift */ = {isa = PBXFileReference; lastKnownFileType = sourcecode.swift; path = AppDelegate.swift; sourceTree = "<group>"; };
		904B0E9522F5B45800A3EECC /* HomeViewController.swift */ = {isa = PBXFileReference; lastKnownFileType = sourcecode.swift; path = HomeViewController.swift; sourceTree = "<group>"; };
		904B0E9822F5B45800A3EECC /* Base */ = {isa = PBXFileReference; lastKnownFileType = file.storyboard; name = Base; path = Base.lproj/Main.storyboard; sourceTree = "<group>"; };
		904B0E9A22F5B45A00A3EECC /* Assets.xcassets */ = {isa = PBXFileReference; lastKnownFileType = folder.assetcatalog; path = Assets.xcassets; sourceTree = "<group>"; };
		904B0E9D22F5B45A00A3EECC /* Base */ = {isa = PBXFileReference; lastKnownFileType = file.storyboard; name = Base; path = Base.lproj/LaunchScreen.storyboard; sourceTree = "<group>"; };
		904B0E9F22F5B45A00A3EECC /* Info.plist */ = {isa = PBXFileReference; lastKnownFileType = text.plist.xml; path = Info.plist; sourceTree = "<group>"; };
		904B0EA522F5B5D900A3EECC /* MessagePost.swift */ = {isa = PBXFileReference; lastKnownFileType = sourcecode.swift; path = MessagePost.swift; sourceTree = "<group>"; };
		904B0EA722F5B5E000A3EECC /* Comment.swift */ = {isa = PBXFileReference; lastKnownFileType = sourcecode.swift; path = Comment.swift; sourceTree = "<group>"; };
		904B0EA922F5B60500A3EECC /* PostManager.swift */ = {isa = PBXFileReference; lastKnownFileType = sourcecode.swift; path = PostManager.swift; sourceTree = "<group>"; };
		904B0EB022F5BFC900A3EECC /* ersatzTests.xctest */ = {isa = PBXFileReference; explicitFileType = wrapper.cfbundle; includeInIndex = 0; path = ersatzTests.xctest; sourceTree = BUILT_PRODUCTS_DIR; };
		904B0EB222F5BFC900A3EECC /* ersatzTests.swift */ = {isa = PBXFileReference; lastKnownFileType = sourcecode.swift; path = ersatzTests.swift; sourceTree = "<group>"; };
		904B0EB422F5BFC900A3EECC /* Info.plist */ = {isa = PBXFileReference; lastKnownFileType = text.plist.xml; path = Info.plist; sourceTree = "<group>"; };
		904B0EBD22F5D36100A3EECC /* ersatzAPITest.swift */ = {isa = PBXFileReference; lastKnownFileType = sourcecode.swift; path = ersatzAPITest.swift; sourceTree = "<group>"; };
		904B0EBF22F6413900A3EECC /* CommentTableViewController.swift */ = {isa = PBXFileReference; lastKnownFileType = sourcecode.swift; path = CommentTableViewController.swift; sourceTree = "<group>"; };
		904B0EC422F655E900A3EECC /* CommentManagerEngine.swift */ = {isa = PBXFileReference; lastKnownFileType = sourcecode.swift; path = CommentManagerEngine.swift; sourceTree = "<group>"; };
		904B0EC922F65DF300A3EECC /* Protocols.swift */ = {isa = PBXFileReference; lastKnownFileType = sourcecode.swift; path = Protocols.swift; sourceTree = "<group>"; };
		904B0ECC22F695EC00A3EECC /* TableViewCellClasses.swift */ = {isa = PBXFileReference; lastKnownFileType = sourcecode.swift; path = TableViewCellClasses.swift; sourceTree = "<group>"; };
/* End PBXFileReference section */

/* Begin PBXFrameworksBuildPhase section */
		904B0E8D22F5B45800A3EECC /* Frameworks */ = {
			isa = PBXFrameworksBuildPhase;
			buildActionMask = 2147483647;
			files = (
			);
			runOnlyForDeploymentPostprocessing = 0;
		};
		904B0EAD22F5BFC900A3EECC /* Frameworks */ = {
			isa = PBXFrameworksBuildPhase;
			buildActionMask = 2147483647;
			files = (
			);
			runOnlyForDeploymentPostprocessing = 0;
		};
/* End PBXFrameworksBuildPhase section */

/* Begin PBXGroup section */
		904B0E8722F5B45800A3EECC = {
			isa = PBXGroup;
			children = (
				904B0E9222F5B45800A3EECC /* ersatz */,
				904B0EB122F5BFC900A3EECC /* ersatzTests */,
				904B0E9122F5B45800A3EECC /* Products */,
			);
			sourceTree = "<group>";
		};
		904B0E9122F5B45800A3EECC /* Products */ = {
			isa = PBXGroup;
			children = (
				904B0E9022F5B45800A3EECC /* ersatz.app */,
				904B0EB022F5BFC900A3EECC /* ersatzTests.xctest */,
			);
			name = Products;
			sourceTree = "<group>";
		};
		904B0E9222F5B45800A3EECC /* ersatz */ = {
			isa = PBXGroup;
			children = (
				904B0E9322F5B45800A3EECC /* AppDelegate.swift */,
				904B0EC222F6528000A3EECC /* Controllers */,
				904B0E9722F5B45800A3EECC /* Main.storyboard */,
				904B0E9A22F5B45A00A3EECC /* Assets.xcassets */,
				904B0E9C22F5B45A00A3EECC /* LaunchScreen.storyboard */,
				904B0E9F22F5B45A00A3EECC /* Info.plist */,
				904B0EC122F6527300A3EECC /* Models */,
				904B0EC322F655D100A3EECC /* Managers */,
			);
			path = ersatz;
			sourceTree = "<group>";
		};
		904B0EB122F5BFC900A3EECC /* ersatzTests */ = {
			isa = PBXGroup;
			children = (
				904B0EB222F5BFC900A3EECC /* ersatzTests.swift */,
				904B0EB422F5BFC900A3EECC /* Info.plist */,
				904B0EBD22F5D36100A3EECC /* ersatzAPITest.swift */,
			);
			path = ersatzTests;
			sourceTree = "<group>";
		};
		904B0EC122F6527300A3EECC /* Models */ = {
			isa = PBXGroup;
			children = (
				904B0EA522F5B5D900A3EECC /* MessagePost.swift */,
				904B0EA722F5B5E000A3EECC /* Comment.swift */,
			);
			path = Models;
			sourceTree = "<group>";
		};
		904B0EC222F6528000A3EECC /* Controllers */ = {
			isa = PBXGroup;
			children = (
				904B0E9522F5B45800A3EECC /* HomeViewController.swift */,
				904B0EBF22F6413900A3EECC /* CommentTableViewController.swift */,
				904B0ECC22F695EC00A3EECC /* TableViewCellClasses.swift */,
			);
			path = Controllers;
			sourceTree = "<group>";
		};
		904B0EC322F655D100A3EECC /* Managers */ = {
			isa = PBXGroup;
			children = (
				904B0EA922F5B60500A3EECC /* PostManager.swift */,
				904B0EC422F655E900A3EECC /* CommentManagerEngine.swift */,
				904B0EC922F65DF300A3EECC /* Protocols.swift */,
			);
			path = Managers;
			sourceTree = "<group>";
		};
/* End PBXGroup section */

/* Begin PBXNativeTarget section */
		904B0E8F22F5B45800A3EECC /* ersatz */ = {
			isa = PBXNativeTarget;
			buildConfigurationList = 904B0EA222F5B45A00A3EECC /* Build configuration list for PBXNativeTarget "ersatz" */;
			buildPhases = (
				904B0E8C22F5B45800A3EECC /* Sources */,
				904B0E8D22F5B45800A3EECC /* Frameworks */,
				904B0E8E22F5B45800A3EECC /* Resources */,
			);
			buildRules = (
			);
			dependencies = (
			);
			name = ersatz;
			productName = ersatz;
			productReference = 904B0E9022F5B45800A3EECC /* ersatz.app */;
			productType = "com.apple.product-type.application";
		};
		904B0EAF22F5BFC900A3EECC /* ersatzTests */ = {
			isa = PBXNativeTarget;
			buildConfigurationList = 904B0EB722F5BFC900A3EECC /* Build configuration list for PBXNativeTarget "ersatzTests" */;
			buildPhases = (
				904B0EAC22F5BFC900A3EECC /* Sources */,
				904B0EAD22F5BFC900A3EECC /* Frameworks */,
				904B0EAE22F5BFC900A3EECC /* Resources */,
			);
			buildRules = (
			);
			dependencies = (
				904B0EB622F5BFC900A3EECC /* PBXTargetDependency */,
			);
			name = ersatzTests;
			productName = ersatzTests;
			productReference = 904B0EB022F5BFC900A3EECC /* ersatzTests.xctest */;
			productType = "com.apple.product-type.bundle.unit-test";
		};
/* End PBXNativeTarget section */

/* Begin PBXProject section */
		904B0E8822F5B45800A3EECC /* Project object */ = {
			isa = PBXProject;
			attributes = {
				LastSwiftUpdateCheck = 1030;
				LastUpgradeCheck = 1030;
				ORGANIZATIONNAME = "Kenneth Cluff";
				TargetAttributes = {
					904B0E8F22F5B45800A3EECC = {
						CreatedOnToolsVersion = 10.3;
					};
					904B0EAF22F5BFC900A3EECC = {
						CreatedOnToolsVersion = 10.3;
						TestTargetID = 904B0E8F22F5B45800A3EECC;
					};
				};
			};
			buildConfigurationList = 904B0E8B22F5B45800A3EECC /* Build configuration list for PBXProject "ersatz" */;
			compatibilityVersion = "Xcode 9.3";
			developmentRegion = en;
			hasScannedForEncodings = 0;
			knownRegions = (
				en,
				Base,
			);
			mainGroup = 904B0E8722F5B45800A3EECC;
			productRefGroup = 904B0E9122F5B45800A3EECC /* Products */;
			projectDirPath = "";
			projectRoot = "";
			targets = (
				904B0E8F22F5B45800A3EECC /* ersatz */,
				904B0EAF22F5BFC900A3EECC /* ersatzTests */,
			);
		};
/* End PBXProject section */

/* Begin PBXResourcesBuildPhase section */
		904B0E8E22F5B45800A3EECC /* Resources */ = {
			isa = PBXResourcesBuildPhase;
			buildActionMask = 2147483647;
			files = (
				904B0E9E22F5B45A00A3EECC /* LaunchScreen.storyboard in Resources */,
				904B0E9B22F5B45A00A3EECC /* Assets.xcassets in Resources */,
				904B0E9922F5B45800A3EECC /* Main.storyboard in Resources */,
			);
			runOnlyForDeploymentPostprocessing = 0;
		};
		904B0EAE22F5BFC900A3EECC /* Resources */ = {
			isa = PBXResourcesBuildPhase;
			buildActionMask = 2147483647;
			files = (
			);
			runOnlyForDeploymentPostprocessing = 0;
		};
/* End PBXResourcesBuildPhase section */

/* Begin PBXSourcesBuildPhase section */
		904B0E8C22F5B45800A3EECC /* Sources */ = {
			isa = PBXSourcesBuildPhase;
			buildActionMask = 2147483647;
			files = (
				904B0EC022F6413900A3EECC /* CommentTableViewController.swift in Sources */,
				904B0EA622F5B5D900A3EECC /* MessagePost.swift in Sources */,
				904B0ECA22F65DF300A3EECC /* Protocols.swift in Sources */,
				904B0EA822F5B5E000A3EECC /* Comment.swift in Sources */,
				904B0EAA22F5B60500A3EECC /* PostManager.swift in Sources */,
				904B0E9622F5B45800A3EECC /* HomeViewController.swift in Sources */,
				904B0ECD22F695EC00A3EECC /* TableViewCellClasses.swift in Sources */,
				904B0E9422F5B45800A3EECC /* AppDelegate.swift in Sources */,
				904B0EC522F655E900A3EECC /* CommentManagerEngine.swift in Sources */,
			);
			runOnlyForDeploymentPostprocessing = 0;
		};
		904B0EAC22F5BFC900A3EECC /* Sources */ = {
			isa = PBXSourcesBuildPhase;
			buildActionMask = 2147483647;
			files = (
				904B0EB322F5BFC900A3EECC /* ersatzTests.swift in Sources */,
				904B0EBB22F5C6AA00A3EECC /* Comment.swift in Sources */,
				904B0ECB22F65E1900A3EECC /* Protocols.swift in Sources */,
				904B0EBE22F5D36100A3EECC /* ersatzAPITest.swift in Sources */,
				904B0EBA22F5C54400A3EECC /* PostManager.swift in Sources */,
				904B0EBC22F5C6B200A3EECC /* MessagePost.swift in Sources */,
				904B0EC622F656FA00A3EECC /* CommentManagerEngine.swift in Sources */,
			);
			runOnlyForDeploymentPostprocessing = 0;
		};
/* End PBXSourcesBuildPhase section */

/* Begin PBXTargetDependency section */
		904B0EB622F5BFC900A3EECC /* PBXTargetDependency */ = {
			isa = PBXTargetDependency;
			target = 904B0E8F22F5B45800A3EECC /* ersatz */;
			targetProxy = 904B0EB522F5BFC900A3EECC /* PBXContainerItemProxy */;
		};
/* End PBXTargetDependency section */

/* Begin PBXVariantGroup section */
		904B0E9722F5B45800A3EECC /* Main.storyboard */ = {
			isa = PBXVariantGroup;
			children = (
				904B0E9822F5B45800A3EECC /* Base */,
			);
			name = Main.storyboard;
			sourceTree = "<group>";
		};
		904B0E9C22F5B45A00A3EECC /* LaunchScreen.storyboard */ = {
			isa = PBXVariantGroup;
			children = (
				904B0E9D22F5B45A00A3EECC /* Base */,
			);
			name = LaunchScreen.storyboard;
			sourceTree = "<group>";
		};
/* End PBXVariantGroup section */

/* Begin XCBuildConfiguration section */
		904B0EA022F5B45A00A3EECC /* Debug */ = {
			isa = XCBuildConfiguration;
			buildSettings = {
				ALWAYS_SEARCH_USER_PATHS = NO;
				CLANG_ANALYZER_NONNULL = YES;
				CLANG_ANALYZER_NUMBER_OBJECT_CONVERSION = YES_AGGRESSIVE;
				CLANG_CXX_LANGUAGE_STANDARD = "gnu++14";
				CLANG_CXX_LIBRARY = "libc++";
				CLANG_ENABLE_MODULES = YES;
				CLANG_ENABLE_OBJC_ARC = YES;
				CLANG_ENABLE_OBJC_WEAK = YES;
				CLANG_WARN_BLOCK_CAPTURE_AUTORELEASING = YES;
				CLANG_WARN_BOOL_CONVERSION = YES;
				CLANG_WARN_COMMA = YES;
				CLANG_WARN_CONSTANT_CONVERSION = YES;
				CLANG_WARN_DEPRECATED_OBJC_IMPLEMENTATIONS = YES;
				CLANG_WARN_DIRECT_OBJC_ISA_USAGE = YES_ERROR;
				CLANG_WARN_DOCUMENTATION_COMMENTS = YES;
				CLANG_WARN_EMPTY_BODY = YES;
				CLANG_WARN_ENUM_CONVERSION = YES;
				CLANG_WARN_INFINITE_RECURSION = YES;
				CLANG_WARN_INT_CONVERSION = YES;
				CLANG_WARN_NON_LITERAL_NULL_CONVERSION = YES;
				CLANG_WARN_OBJC_IMPLICIT_RETAIN_SELF = YES;
				CLANG_WARN_OBJC_LITERAL_CONVERSION = YES;
				CLANG_WARN_OBJC_ROOT_CLASS = YES_ERROR;
				CLANG_WARN_RANGE_LOOP_ANALYSIS = YES;
				CLANG_WARN_STRICT_PROTOTYPES = YES;
				CLANG_WARN_SUSPICIOUS_MOVE = YES;
				CLANG_WARN_UNGUARDED_AVAILABILITY = YES_AGGRESSIVE;
				CLANG_WARN_UNREACHABLE_CODE = YES;
				CLANG_WARN__DUPLICATE_METHOD_MATCH = YES;
				CODE_SIGN_IDENTITY = "iPhone Developer";
				COPY_PHASE_STRIP = NO;
				DEBUG_INFORMATION_FORMAT = dwarf;
				ENABLE_STRICT_OBJC_MSGSEND = YES;
				ENABLE_TESTABILITY = YES;
				GCC_C_LANGUAGE_STANDARD = gnu11;
				GCC_DYNAMIC_NO_PIC = NO;
				GCC_NO_COMMON_BLOCKS = YES;
				GCC_OPTIMIZATION_LEVEL = 0;
				GCC_PREPROCESSOR_DEFINITIONS = (
					"DEBUG=1",
					"$(inherited)",
				);
				GCC_WARN_64_TO_32_BIT_CONVERSION = YES;
				GCC_WARN_ABOUT_RETURN_TYPE = YES_ERROR;
				GCC_WARN_UNDECLARED_SELECTOR = YES;
				GCC_WARN_UNINITIALIZED_AUTOS = YES_AGGRESSIVE;
				GCC_WARN_UNUSED_FUNCTION = YES;
				GCC_WARN_UNUSED_VARIABLE = YES;
				IPHONEOS_DEPLOYMENT_TARGET = 12.4;
				MTL_ENABLE_DEBUG_INFO = INCLUDE_SOURCE;
				MTL_FAST_MATH = YES;
				ONLY_ACTIVE_ARCH = YES;
				SDKROOT = iphoneos;
				SWIFT_ACTIVE_COMPILATION_CONDITIONS = DEBUG;
				SWIFT_OPTIMIZATION_LEVEL = "-Onone";
			};
			name = Debug;
		};
		904B0EA122F5B45A00A3EECC /* Release */ = {
			isa = XCBuildConfiguration;
			buildSettings = {
				ALWAYS_SEARCH_USER_PATHS = NO;
				CLANG_ANALYZER_NONNULL = YES;
				CLANG_ANALYZER_NUMBER_OBJECT_CONVERSION = YES_AGGRESSIVE;
				CLANG_CXX_LANGUAGE_STANDARD = "gnu++14";
				CLANG_CXX_LIBRARY = "libc++";
				CLANG_ENABLE_MODULES = YES;
				CLANG_ENABLE_OBJC_ARC = YES;
				CLANG_ENABLE_OBJC_WEAK = YES;
				CLANG_WARN_BLOCK_CAPTURE_AUTORELEASING = YES;
				CLANG_WARN_BOOL_CONVERSION = YES;
				CLANG_WARN_COMMA = YES;
				CLANG_WARN_CONSTANT_CONVERSION = YES;
				CLANG_WARN_DEPRECATED_OBJC_IMPLEMENTATIONS = YES;
				CLANG_WARN_DIRECT_OBJC_ISA_USAGE = YES_ERROR;
				CLANG_WARN_DOCUMENTATION_COMMENTS = YES;
				CLANG_WARN_EMPTY_BODY = YES;
				CLANG_WARN_ENUM_CONVERSION = YES;
				CLANG_WARN_INFINITE_RECURSION = YES;
				CLANG_WARN_INT_CONVERSION = YES;
				CLANG_WARN_NON_LITERAL_NULL_CONVERSION = YES;
				CLANG_WARN_OBJC_IMPLICIT_RETAIN_SELF = YES;
				CLANG_WARN_OBJC_LITERAL_CONVERSION = YES;
				CLANG_WARN_OBJC_ROOT_CLASS = YES_ERROR;
				CLANG_WARN_RANGE_LOOP_ANALYSIS = YES;
				CLANG_WARN_STRICT_PROTOTYPES = YES;
				CLANG_WARN_SUSPICIOUS_MOVE = YES;
				CLANG_WARN_UNGUARDED_AVAILABILITY = YES_AGGRESSIVE;
				CLANG_WARN_UNREACHABLE_CODE = YES;
				CLANG_WARN__DUPLICATE_METHOD_MATCH = YES;
				CODE_SIGN_IDENTITY = "iPhone Developer";
				COPY_PHASE_STRIP = NO;
				DEBUG_INFORMATION_FORMAT = "dwarf-with-dsym";
				ENABLE_NS_ASSERTIONS = NO;
				ENABLE_STRICT_OBJC_MSGSEND = YES;
				GCC_C_LANGUAGE_STANDARD = gnu11;
				GCC_NO_COMMON_BLOCKS = YES;
				GCC_WARN_64_TO_32_BIT_CONVERSION = YES;
				GCC_WARN_ABOUT_RETURN_TYPE = YES_ERROR;
				GCC_WARN_UNDECLARED_SELECTOR = YES;
				GCC_WARN_UNINITIALIZED_AUTOS = YES_AGGRESSIVE;
				GCC_WARN_UNUSED_FUNCTION = YES;
				GCC_WARN_UNUSED_VARIABLE = YES;
				IPHONEOS_DEPLOYMENT_TARGET = 12.4;
				MTL_ENABLE_DEBUG_INFO = NO;
				MTL_FAST_MATH = YES;
				SDKROOT = iphoneos;
				SWIFT_COMPILATION_MODE = wholemodule;
				SWIFT_OPTIMIZATION_LEVEL = "-O";
				VALIDATE_PRODUCT = YES;
			};
			name = Release;
		};
		904B0EA322F5B45A00A3EECC /* Debug */ = {
			isa = XCBuildConfiguration;
			buildSettings = {
				ASSETCATALOG_COMPILER_APPICON_NAME = AppIcon;
				CODE_SIGN_STYLE = Automatic;
				DEVELOPMENT_TEAM = 4MAEKVPSTZ;
				INFOPLIST_FILE = ersatz/Info.plist;
				LD_RUNPATH_SEARCH_PATHS = (
					"$(inherited)",
					"@executable_path/Frameworks",
				);
				PRODUCT_BUNDLE_IDENTIFIER = com.customsoftware.ersatz;
				PRODUCT_NAME = "$(TARGET_NAME)";
				SWIFT_VERSION = 5.0;
				TARGETED_DEVICE_FAMILY = "1,2";
			};
			name = Debug;
		};
		904B0EA422F5B45A00A3EECC /* Release */ = {
			isa = XCBuildConfiguration;
			buildSettings = {
				ASSETCATALOG_COMPILER_APPICON_NAME = AppIcon;
				CODE_SIGN_STYLE = Automatic;
				DEVELOPMENT_TEAM = 4MAEKVPSTZ;
				INFOPLIST_FILE = ersatz/Info.plist;
				LD_RUNPATH_SEARCH_PATHS = (
					"$(inherited)",
					"@executable_path/Frameworks",
				);
				PRODUCT_BUNDLE_IDENTIFIER = com.customsoftware.ersatz;
				PRODUCT_NAME = "$(TARGET_NAME)";
				SWIFT_VERSION = 5.0;
				TARGETED_DEVICE_FAMILY = "1,2";
			};
			name = Release;
		};
		904B0EB822F5BFC900A3EECC /* Debug */ = {
			isa = XCBuildConfiguration;
			buildSettings = {
				BUNDLE_LOADER = "$(TEST_HOST)";
				CODE_SIGN_STYLE = Automatic;
				DEVELOPMENT_TEAM = 4MAEKVPSTZ;
				INFOPLIST_FILE = ersatzTests/Info.plist;
				LD_RUNPATH_SEARCH_PATHS = (
					"$(inherited)",
					"@executable_path/Frameworks",
					"@loader_path/Frameworks",
				);
				PRODUCT_BUNDLE_IDENTIFIER = com.customsoftware.ersatzTests;
				PRODUCT_NAME = "$(TARGET_NAME)";
				SWIFT_VERSION = 5.0;
				TARGETED_DEVICE_FAMILY = "1,2";
				TEST_HOST = "$(BUILT_PRODUCTS_DIR)/ersatz.app/ersatz";
			};
			name = Debug;
		};
		904B0EB922F5BFC900A3EECC /* Release */ = {
			isa = XCBuildConfiguration;
			buildSettings = {
				BUNDLE_LOADER = "$(TEST_HOST)";
				CODE_SIGN_STYLE = Automatic;
				DEVELOPMENT_TEAM = 4MAEKVPSTZ;
				INFOPLIST_FILE = ersatzTests/Info.plist;
				LD_RUNPATH_SEARCH_PATHS = (
					"$(inherited)",
					"@executable_path/Frameworks",
					"@loader_path/Frameworks",
				);
				PRODUCT_BUNDLE_IDENTIFIER = com.customsoftware.ersatzTests;
				PRODUCT_NAME = "$(TARGET_NAME)";
				SWIFT_VERSION = 5.0;
				TARGETED_DEVICE_FAMILY = "1,2";
				TEST_HOST = "$(BUILT_PRODUCTS_DIR)/ersatz.app/ersatz";
			};
			name = Release;
		};
/* End XCBuildConfiguration section */

/* Begin XCConfigurationList section */
		904B0E8B22F5B45800A3EECC /* Build configuration list for PBXProject "ersatz" */ = {
			isa = XCConfigurationList;
			buildConfigurations = (
				904B0EA022F5B45A00A3EECC /* Debug */,
				904B0EA122F5B45A00A3EECC /* Release */,
			);
			defaultConfigurationIsVisible = 0;
			defaultConfigurationName = Release;
		};
		904B0EA222F5B45A00A3EECC /* Build configuration list for PBXNativeTarget "ersatz" */ = {
			isa = XCConfigurationList;
			buildConfigurations = (
				904B0EA322F5B45A00A3EECC /* Debug */,
				904B0EA422F5B45A00A3EECC /* Release */,
			);
			defaultConfigurationIsVisible = 0;
			defaultConfigurationName = Release;
		};
		904B0EB722F5BFC900A3EECC /* Build configuration list for PBXNativeTarget "ersatzTests" */ = {
			isa = XCConfigurationList;
			buildConfigurations = (
				904B0EB822F5BFC900A3EECC /* Debug */,
				904B0EB922F5BFC900A3EECC /* Release */,
			);
			defaultConfigurationIsVisible = 0;
			defaultConfigurationName = Release;
		};
/* End XCConfigurationList section */
	};
	rootObject = 904B0E8822F5B45800A3EECC /* Project object */;
}
